// !$*UTF8*$!
{
	archiveVersion = 1;
	classes = {
	};
	objectVersion = 46;
	objects = {

/* Begin PBXBuildFile section */
		1E3924551E484EFC00E7D34D /* AppDelegate.swift in Sources */ = {isa = PBXBuildFile; fileRef = 1E3924541E484EFC00E7D34D /* AppDelegate.swift */; };
		1E39245A1E484EFC00E7D34D /* Main.storyboard in Resources */ = {isa = PBXBuildFile; fileRef = 1E3924581E484EFC00E7D34D /* Main.storyboard */; };
		1E39245C1E484EFC00E7D34D /* Assets.xcassets in Resources */ = {isa = PBXBuildFile; fileRef = 1E39245B1E484EFC00E7D34D /* Assets.xcassets */; };
		1E39245F1E484EFC00E7D34D /* LaunchScreen.storyboard in Resources */ = {isa = PBXBuildFile; fileRef = 1E39245D1E484EFC00E7D34D /* LaunchScreen.storyboard */; };
		1E3924671E484F0900E7D34D /* ViewController.swift in Sources */ = {isa = PBXBuildFile; fileRef = 1E3924661E484F0900E7D34D /* ViewController.swift */; };
		1E3924691E484F6000E7D34D /* Viscosity.framework in Frameworks */ = {isa = PBXBuildFile; fileRef = 1E3924681E484F6000E7D34D /* Viscosity.framework */; };
		1E39246A1E484F6000E7D34D /* Viscosity.framework in Embed Frameworks */ = {isa = PBXBuildFile; fileRef = 1E3924681E484F6000E7D34D /* Viscosity.framework */; settings = {ATTRIBUTES = (CodeSignOnCopy, RemoveHeadersOnCopy, ); }; };
		1E39246D1E48540200E7D34D /* VisExampleViewController.swift in Sources */ = {isa = PBXBuildFile; fileRef = 1E39246C1E48540200E7D34D /* VisExampleViewController.swift */; };
		1E39246F1E48564900E7D34D /* VisExampleBasicView.swift in Sources */ = {isa = PBXBuildFile; fileRef = 1E39246E1E48564900E7D34D /* VisExampleBasicView.swift */; };
		1E3924721E485B9B00E7D34D /* VisExampleUpdateView.swift in Sources */ = {isa = PBXBuildFile; fileRef = 1E3924711E485B9B00E7D34D /* VisExampleUpdateView.swift */; };
		1E3924921E4874FA00E7D34D /* VisExampleRemakeView.swift in Sources */ = {isa = PBXBuildFile; fileRef = 1E3924911E4874FA00E7D34D /* VisExampleRemakeView.swift */; };
		1E3924961E48770600E7D34D /* VisExampleSidesView.swift in Sources */ = {isa = PBXBuildFile; fileRef = 1E3924951E48770600E7D34D /* VisExampleSidesView.swift */; };
		1E3924981E4879FF00E7D34D /* VisExampleAspectFitView.swift in Sources */ = {isa = PBXBuildFile; fileRef = 1E3924971E4879FF00E7D34D /* VisExampleAspectFitView.swift */; };
		1E39249A1E487DF300E7D34D /* VisExampleAnimatedView.swift in Sources */ = {isa = PBXBuildFile; fileRef = 1E3924991E487DF300E7D34D /* VisExampleAnimatedView.swift */; };
		1E39249C1E48834100E7D34D /* VisExampleScrollView.swift in Sources */ = {isa = PBXBuildFile; fileRef = 1E39249B1E48834100E7D34D /* VisExampleScrollView.swift */; };
/* End PBXBuildFile section */

/* Begin PBXCopyFilesBuildPhase section */
		1E39246B1E484F6000E7D34D /* Embed Frameworks */ = {
			isa = PBXCopyFilesBuildPhase;
			buildActionMask = 2147483647;
			dstPath = "";
			dstSubfolderSpec = 10;
			files = (
				1E39246A1E484F6000E7D34D /* Viscosity.framework in Embed Frameworks */,
			);
			name = "Embed Frameworks";
			runOnlyForDeploymentPostprocessing = 0;
		};
/* End PBXCopyFilesBuildPhase section */

/* Begin PBXFileReference section */
		1E3924511E484EFC00E7D34D /* Example.app */ = {isa = PBXFileReference; explicitFileType = wrapper.application; includeInIndex = 0; path = Example.app; sourceTree = BUILT_PRODUCTS_DIR; };
		1E3924541E484EFC00E7D34D /* AppDelegate.swift */ = {isa = PBXFileReference; lastKnownFileType = sourcecode.swift; path = AppDelegate.swift; sourceTree = "<group>"; };
		1E3924591E484EFC00E7D34D /* Base */ = {isa = PBXFileReference; lastKnownFileType = file.storyboard; name = Base; path = Base.lproj/Main.storyboard; sourceTree = "<group>"; };
		1E39245B1E484EFC00E7D34D /* Assets.xcassets */ = {isa = PBXFileReference; lastKnownFileType = folder.assetcatalog; path = Assets.xcassets; sourceTree = "<group>"; };
		1E39245E1E484EFC00E7D34D /* Base */ = {isa = PBXFileReference; lastKnownFileType = file.storyboard; name = Base; path = Base.lproj/LaunchScreen.storyboard; sourceTree = "<group>"; };
		1E3924601E484EFC00E7D34D /* Info.plist */ = {isa = PBXFileReference; lastKnownFileType = text.plist.xml; path = Info.plist; sourceTree = "<group>"; };
		1E3924661E484F0900E7D34D /* ViewController.swift */ = {isa = PBXFileReference; fileEncoding = 4; lastKnownFileType = sourcecode.swift; path = ViewController.swift; sourceTree = "<group>"; };
		1E3924681E484F6000E7D34D /* Viscosity.framework */ = {isa = PBXFileReference; explicitFileType = wrapper.framework; path = Viscosity.framework; sourceTree = BUILT_PRODUCTS_DIR; };
		1E39246C1E48540200E7D34D /* VisExampleViewController.swift */ = {isa = PBXFileReference; fileEncoding = 4; lastKnownFileType = sourcecode.swift; path = VisExampleViewController.swift; sourceTree = "<group>"; };
		1E39246E1E48564900E7D34D /* VisExampleBasicView.swift */ = {isa = PBXFileReference; fileEncoding = 4; lastKnownFileType = sourcecode.swift; path = VisExampleBasicView.swift; sourceTree = "<group>"; };
		1E3924711E485B9B00E7D34D /* VisExampleUpdateView.swift */ = {isa = PBXFileReference; fileEncoding = 4; lastKnownFileType = sourcecode.swift; path = VisExampleUpdateView.swift; sourceTree = "<group>"; };
		1E3924911E4874FA00E7D34D /* VisExampleRemakeView.swift */ = {isa = PBXFileReference; fileEncoding = 4; lastKnownFileType = sourcecode.swift; path = VisExampleRemakeView.swift; sourceTree = "<group>"; };
		1E3924951E48770600E7D34D /* VisExampleSidesView.swift */ = {isa = PBXFileReference; fileEncoding = 4; lastKnownFileType = sourcecode.swift; path = VisExampleSidesView.swift; sourceTree = "<group>"; };
		1E3924971E4879FF00E7D34D /* VisExampleAspectFitView.swift */ = {isa = PBXFileReference; fileEncoding = 4; lastKnownFileType = sourcecode.swift; path = VisExampleAspectFitView.swift; sourceTree = "<group>"; };
		1E3924991E487DF300E7D34D /* VisExampleAnimatedView.swift */ = {isa = PBXFileReference; fileEncoding = 4; lastKnownFileType = sourcecode.swift; path = VisExampleAnimatedView.swift; sourceTree = "<group>"; };
		1E39249B1E48834100E7D34D /* VisExampleScrollView.swift */ = {isa = PBXFileReference; fileEncoding = 4; lastKnownFileType = sourcecode.swift; path = VisExampleScrollView.swift; sourceTree = "<group>"; };
/* End PBXFileReference section */

/* Begin PBXFrameworksBuildPhase section */
		1E39244E1E484EFC00E7D34D /* Frameworks */ = {
			isa = PBXFrameworksBuildPhase;
			buildActionMask = 2147483647;
			files = (
				1E3924691E484F6000E7D34D /* Viscosity.framework in Frameworks */,
			);
			runOnlyForDeploymentPostprocessing = 0;
		};
/* End PBXFrameworksBuildPhase section */

/* Begin PBXGroup section */
		1E3924481E484EFC00E7D34D = {
			isa = PBXGroup;
			children = (
				1E3924681E484F6000E7D34D /* Viscosity.framework */,
				1E3924531E484EFC00E7D34D /* Example */,
				1E3924521E484EFC00E7D34D /* Products */,
			);
			sourceTree = "<group>";
		};
		1E3924521E484EFC00E7D34D /* Products */ = {
			isa = PBXGroup;
			children = (
				1E3924511E484EFC00E7D34D /* Example.app */,
			);
			name = Products;
			sourceTree = "<group>";
		};
		1E3924531E484EFC00E7D34D /* Example */ = {
			isa = PBXGroup;
			children = (
				1E3924701E485B3500E7D34D /* Other Files */,
				1E3924541E484EFC00E7D34D /* AppDelegate.swift */,
				1E3924661E484F0900E7D34D /* ViewController.swift */,
				1E39246C1E48540200E7D34D /* VisExampleViewController.swift */,
				1E39246E1E48564900E7D34D /* VisExampleBasicView.swift */,
				1E3924711E485B9B00E7D34D /* VisExampleUpdateView.swift */,
				1E3924911E4874FA00E7D34D /* VisExampleRemakeView.swift */,
				1E3924951E48770600E7D34D /* VisExampleSidesView.swift */,
				1E3924971E4879FF00E7D34D /* VisExampleAspectFitView.swift */,
				1E3924991E487DF300E7D34D /* VisExampleAnimatedView.swift */,
				1E39249B1E48834100E7D34D /* VisExampleScrollView.swift */,
			);
			path = Example;
			sourceTree = "<group>";
		};
		1E3924701E485B3500E7D34D /* Other Files */ = {
			isa = PBXGroup;
			children = (
				1E3924601E484EFC00E7D34D /* Info.plist */,
				1E39245D1E484EFC00E7D34D /* LaunchScreen.storyboard */,
				1E39245B1E484EFC00E7D34D /* Assets.xcassets */,
				1E3924581E484EFC00E7D34D /* Main.storyboard */,
			);
			name = "Other Files";
			sourceTree = "<group>";
		};
/* End PBXGroup section */

/* Begin PBXNativeTarget section */
		1E3924501E484EFC00E7D34D /* Example */ = {
			isa = PBXNativeTarget;
			buildConfigurationList = 1E3924631E484EFC00E7D34D /* Build configuration list for PBXNativeTarget "Example" */;
			buildPhases = (
				1E39244D1E484EFC00E7D34D /* Sources */,
				1E39244E1E484EFC00E7D34D /* Frameworks */,
				1E39244F1E484EFC00E7D34D /* Resources */,
				1E39246B1E484F6000E7D34D /* Embed Frameworks */,
			);
			buildRules = (
			);
			dependencies = (
			);
			name = Example;
			productName = Example;
			productReference = 1E3924511E484EFC00E7D34D /* Example.app */;
			productType = "com.apple.product-type.application";
		};
/* End PBXNativeTarget section */

/* Begin PBXProject section */
		1E3924491E484EFC00E7D34D /* Project object */ = {
			isa = PBXProject;
			attributes = {
				LastSwiftUpdateCheck = 0820;
				LastUpgradeCheck = 0820;
				ORGANIZATIONNAME = wzxjiang;
				TargetAttributes = {
					1E3924501E484EFC00E7D34D = {
						CreatedOnToolsVersion = 8.2.1;
						DevelopmentTeam = 475L2MZD72;
						ProvisioningStyle = Automatic;
					};
				};
			};
			buildConfigurationList = 1E39244C1E484EFC00E7D34D /* Build configuration list for PBXProject "Example" */;
			compatibilityVersion = "Xcode 3.2";
			developmentRegion = English;
			hasScannedForEncodings = 0;
			knownRegions = (
				en,
				Base,
			);
			mainGroup = 1E3924481E484EFC00E7D34D;
			productRefGroup = 1E3924521E484EFC00E7D34D /* Products */;
			projectDirPath = "";
			projectRoot = "";
			targets = (
				1E3924501E484EFC00E7D34D /* Example */,
			);
		};
/* End PBXProject section */

/* Begin PBXResourcesBuildPhase section */
		1E39244F1E484EFC00E7D34D /* Resources */ = {
			isa = PBXResourcesBuildPhase;
			buildActionMask = 2147483647;
			files = (
				1E39245F1E484EFC00E7D34D /* LaunchScreen.storyboard in Resources */,
				1E39245C1E484EFC00E7D34D /* Assets.xcassets in Resources */,
				1E39245A1E484EFC00E7D34D /* Main.storyboard in Resources */,
			);
			runOnlyForDeploymentPostprocessing = 0;
		};
/* End PBXResourcesBuildPhase section */

/* Begin PBXSourcesBuildPhase section */
		1E39244D1E484EFC00E7D34D /* Sources */ = {
			isa = PBXSourcesBuildPhase;
			buildActionMask = 2147483647;
			files = (
				1E39249A1E487DF300E7D34D /* VisExampleAnimatedView.swift in Sources */,
				1E39249C1E48834100E7D34D /* VisExampleScrollView.swift in Sources */,
				1E3924721E485B9B00E7D34D /* VisExampleUpdateView.swift in Sources */,
				1E3924671E484F0900E7D34D /* ViewController.swift in Sources */,
				1E3924961E48770600E7D34D /* VisExampleSidesView.swift in Sources */,
				1E3924551E484EFC00E7D34D /* AppDelegate.swift in Sources */,
				1E3924981E4879FF00E7D34D /* VisExampleAspectFitView.swift in Sources */,
				1E39246D1E48540200E7D34D /* VisExampleViewController.swift in Sources */,
				1E39246F1E48564900E7D34D /* VisExampleBasicView.swift in Sources */,
				1E3924921E4874FA00E7D34D /* VisExampleRemakeView.swift in Sources */,
			);
			runOnlyForDeploymentPostprocessing = 0;
		};
/* End PBXSourcesBuildPhase section */

/* Begin PBXVariantGroup section */
		1E3924581E484EFC00E7D34D /* Main.storyboard */ = {
			isa = PBXVariantGroup;
			children = (
				1E3924591E484EFC00E7D34D /* Base */,
			);
			name = Main.storyboard;
			sourceTree = "<group>";
		};
		1E39245D1E484EFC00E7D34D /* LaunchScreen.storyboard */ = {
			isa = PBXVariantGroup;
			children = (
				1E39245E1E484EFC00E7D34D /* Base */,
			);
			name = LaunchScreen.storyboard;
			sourceTree = "<group>";
		};
/* End PBXVariantGroup section */

/* Begin XCBuildConfiguration section */
		1E3924611E484EFC00E7D34D /* Debug */ = {
			isa = XCBuildConfiguration;
			buildSettings = {
				ALWAYS_SEARCH_USER_PATHS = NO;
				CLANG_ANALYZER_NONNULL = YES;
				CLANG_CXX_LANGUAGE_STANDARD = "gnu++0x";
				CLANG_CXX_LIBRARY = "libc++";
				CLANG_ENABLE_MODULES = YES;
				CLANG_ENABLE_OBJC_ARC = YES;
				CLANG_WARN_BOOL_CONVERSION = YES;
				CLANG_WARN_CONSTANT_CONVERSION = YES;
				CLANG_WARN_DIRECT_OBJC_ISA_USAGE = YES_ERROR;
				CLANG_WARN_DOCUMENTATION_COMMENTS = YES;
				CLANG_WARN_EMPTY_BODY = YES;
				CLANG_WARN_ENUM_CONVERSION = YES;
				CLANG_WARN_INFINITE_RECURSION = YES;
				CLANG_WARN_INT_CONVERSION = YES;
				CLANG_WARN_OBJC_ROOT_CLASS = YES_ERROR;
				CLANG_WARN_SUSPICIOUS_MOVE = YES;
				CLANG_WARN_UNREACHABLE_CODE = YES;
				CLANG_WARN__DUPLICATE_METHOD_MATCH = YES;
				"CODE_SIGN_IDENTITY[sdk=iphoneos*]" = "iPhone Developer";
				COPY_PHASE_STRIP = NO;
				DEBUG_INFORMATION_FORMAT = dwarf;
				ENABLE_STRICT_OBJC_MSGSEND = YES;
				ENABLE_TESTABILITY = YES;
				GCC_C_LANGUAGE_STANDARD = gnu99;
				GCC_DYNAMIC_NO_PIC = NO;
				GCC_NO_COMMON_BLOCKS = YES;
				GCC_OPTIMIZATION_LEVEL = 0;
				GCC_PREPROCESSOR_DEFINITIONS = (
					"DEBUG=1",
					"$(inherited)",
				);
				GCC_WARN_64_TO_32_BIT_CONVERSION = YES;
				GCC_WARN_ABOUT_RETURN_TYPE = YES_ERROR;
				GCC_WARN_UNDECLARED_SELECTOR = YES;
				GCC_WARN_UNINITIALIZED_AUTOS = YES_AGGRESSIVE;
				GCC_WARN_UNUSED_FUNCTION = YES;
				GCC_WARN_UNUSED_VARIABLE = YES;
				IPHONEOS_DEPLOYMENT_TARGET = 10.2;
				MTL_ENABLE_DEBUG_INFO = YES;
				ONLY_ACTIVE_ARCH = YES;
				SDKROOT = iphoneos;
				SWIFT_ACTIVE_COMPILATION_CONDITIONS = DEBUG;
				SWIFT_OPTIMIZATION_LEVEL = "-Onone";
			};
			name = Debug;
		};
		1E3924621E484EFC00E7D34D /* Release */ = {
			isa = XCBuildConfiguration;
			buildSettings = {
				ALWAYS_SEARCH_USER_PATHS = NO;
				CLANG_ANALYZER_NONNULL = YES;
				CLANG_CXX_LANGUAGE_STANDARD = "gnu++0x";
				CLANG_CXX_LIBRARY = "libc++";
				CLANG_ENABLE_MODULES = YES;
				CLANG_ENABLE_OBJC_ARC = YES;
				CLANG_WARN_BOOL_CONVERSION = YES;
				CLANG_WARN_CONSTANT_CONVERSION = YES;
				CLANG_WARN_DIRECT_OBJC_ISA_USAGE = YES_ERROR;
				CLANG_WARN_DOCUMENTATION_COMMENTS = YES;
				CLANG_WARN_EMPTY_BODY = YES;
				CLANG_WARN_ENUM_CONVERSION = YES;
				CLANG_WARN_INFINITE_RECURSION = YES;
				CLANG_WARN_INT_CONVERSION = YES;
				CLANG_WARN_OBJC_ROOT_CLASS = YES_ERROR;
				CLANG_WARN_SUSPICIOUS_MOVE = YES;
				CLANG_WARN_UNREACHABLE_CODE = YES;
				CLANG_WARN__DUPLICATE_METHOD_MATCH = YES;
				"CODE_SIGN_IDENTITY[sdk=iphoneos*]" = "iPhone Developer";
				COPY_PHASE_STRIP = NO;
				DEBUG_INFORMATION_FORMAT = "dwarf-with-dsym";
				ENABLE_NS_ASSERTIONS = NO;
				ENABLE_STRICT_OBJC_MSGSEND = YES;
				GCC_C_LANGUAGE_STANDARD = gnu99;
				GCC_NO_COMMON_BLOCKS = YES;
				GCC_WARN_64_TO_32_BIT_CONVERSION = YES;
				GCC_WARN_ABOUT_RETURN_TYPE = YES_ERROR;
				GCC_WARN_UNDECLARED_SELECTOR = YES;
				GCC_WARN_UNINITIALIZED_AUTOS = YES_AGGRESSIVE;
				GCC_WARN_UNUSED_FUNCTION = YES;
				GCC_WARN_UNUSED_VARIABLE = YES;
				IPHONEOS_DEPLOYMENT_TARGET = 10.2;
				MTL_ENABLE_DEBUG_INFO = NO;
				SDKROOT = iphoneos;
				SWIFT_OPTIMIZATION_LEVEL = "-Owholemodule";
				VALIDATE_PRODUCT = YES;
			};
			name = Release;
		};
		1E3924641E484EFC00E7D34D /* Debug */ = {
			isa = XCBuildConfiguration;
			buildSettings = {
				ASSETCATALOG_COMPILER_APPICON_NAME = AppIcon;
				DEVELOPMENT_TEAM = 475L2MZD72;
				INFOPLIST_FILE = Example/Info.plist;
				LD_RUNPATH_SEARCH_PATHS = "$(inherited) @executable_path/Frameworks";
				PRODUCT_BUNDLE_IDENTIFIER = com.wzxjiang.Example;
				PRODUCT_NAME = "$(TARGET_NAME)";
				SWIFT_VERSION = 3.0;
			};
			name = Debug;
		};
		1E3924651E484EFC00E7D34D /* Release */ = {
			isa = XCBuildConfiguration;
			buildSettings = {
				ASSETCATALOG_COMPILER_APPICON_NAME = AppIcon;
				DEVELOPMENT_TEAM = 475L2MZD72;
				INFOPLIST_FILE = Example/Info.plist;
				LD_RUNPATH_SEARCH_PATHS = "$(inherited) @executable_path/Frameworks";
				PRODUCT_BUNDLE_IDENTIFIER = com.wzxjiang.Example;
				PRODUCT_NAME = "$(TARGET_NAME)";
				SWIFT_VERSION = 3.0;
			};
			name = Release;
		};
/* End XCBuildConfiguration section */

/* Begin XCConfigurationList section */
		1E39244C1E484EFC00E7D34D /* Build configuration list for PBXProject "Example" */ = {
			isa = XCConfigurationList;
			buildConfigurations = (
				1E3924611E484EFC00E7D34D /* Debug */,
				1E3924621E484EFC00E7D34D /* Release */,
			);
			defaultConfigurationIsVisible = 0;
			defaultConfigurationName = Release;
		};
		1E3924631E484EFC00E7D34D /* Build configuration list for PBXNativeTarget "Example" */ = {
			isa = XCConfigurationList;
			buildConfigurations = (
				1E3924641E484EFC00E7D34D /* Debug */,
				1E3924651E484EFC00E7D34D /* Release */,
			);
			defaultConfigurationIsVisible = 0;
			defaultConfigurationName = Release;
		};
/* End XCConfigurationList section */
	};
	rootObject = 1E3924491E484EFC00E7D34D /* Project object */;
}
