// !$*UTF8*$!
{
	archiveVersion = 1;
	classes = {
	};
	objectVersion = 46;
	objects = {

/* Begin PBXBuildFile section */
		1E4315471DE704A30091DE90 /* VisConstraint.swift in Sources */ = {isa = PBXBuildFile; fileRef = 1E4315441DE704A30091DE90 /* VisConstraint.swift */; };
		1E4315481DE704A30091DE90 /* VisConstraintMaker.swift in Sources */ = {isa = PBXBuildFile; fileRef = 1E4315451DE704A30091DE90 /* VisConstraintMaker.swift */; };
		1E4315491DE704A30091DE90 /* Viscosity.swift in Sources */ = {isa = PBXBuildFile; fileRef = 1E4315461DE704A30091DE90 /* Viscosity.swift */; };
		1E78206D1D407E72003B8D27 /* AppDelegate.swift in Sources */ = {isa = PBXBuildFile; fileRef = 1E78206C1D407E72003B8D27 /* AppDelegate.swift */; };
		1E78206F1D407E72003B8D27 /* ViewController.swift in Sources */ = {isa = PBXBuildFile; fileRef = 1E78206E1D407E72003B8D27 /* ViewController.swift */; };
		1E7820721D407E72003B8D27 /* Main.storyboard in Resources */ = {isa = PBXBuildFile; fileRef = 1E7820701D407E72003B8D27 /* Main.storyboard */; };
		1E7820741D407E72003B8D27 /* Assets.xcassets in Resources */ = {isa = PBXBuildFile; fileRef = 1E7820731D407E72003B8D27 /* Assets.xcassets */; };
		1E7820771D407E72003B8D27 /* LaunchScreen.storyboard in Resources */ = {isa = PBXBuildFile; fileRef = 1E7820751D407E72003B8D27 /* LaunchScreen.storyboard */; };
		1E7820821D407E72003B8D27 /* ViscosityTests.swift in Sources */ = {isa = PBXBuildFile; fileRef = 1E7820811D407E72003B8D27 /* ViscosityTests.swift */; };
		1E78208D1D407E72003B8D27 /* ViscosityUITests.swift in Sources */ = {isa = PBXBuildFile; fileRef = 1E78208C1D407E72003B8D27 /* ViscosityUITests.swift */; };
/* End PBXBuildFile section */

/* Begin PBXContainerItemProxy section */
		1E78207E1D407E72003B8D27 /* PBXContainerItemProxy */ = {
			isa = PBXContainerItemProxy;
			containerPortal = 1E7820611D407E72003B8D27 /* Project object */;
			proxyType = 1;
			remoteGlobalIDString = 1E7820681D407E72003B8D27;
			remoteInfo = Viscosity;
		};
		1E7820891D407E72003B8D27 /* PBXContainerItemProxy */ = {
			isa = PBXContainerItemProxy;
			containerPortal = 1E7820611D407E72003B8D27 /* Project object */;
			proxyType = 1;
			remoteGlobalIDString = 1E7820681D407E72003B8D27;
			remoteInfo = Viscosity;
		};
/* End PBXContainerItemProxy section */

/* Begin PBXFileReference section */
		1E4315441DE704A30091DE90 /* VisConstraint.swift */ = {isa = PBXFileReference; fileEncoding = 4; lastKnownFileType = sourcecode.swift; path = VisConstraint.swift; sourceTree = "<group>"; };
		1E4315451DE704A30091DE90 /* VisConstraintMaker.swift */ = {isa = PBXFileReference; fileEncoding = 4; lastKnownFileType = sourcecode.swift; path = VisConstraintMaker.swift; sourceTree = "<group>"; };
		1E4315461DE704A30091DE90 /* Viscosity.swift */ = {isa = PBXFileReference; fileEncoding = 4; lastKnownFileType = sourcecode.swift; path = Viscosity.swift; sourceTree = "<group>"; };
		1E7820691D407E72003B8D27 /* Viscosity.app */ = {isa = PBXFileReference; explicitFileType = wrapper.application; includeInIndex = 0; path = Viscosity.app; sourceTree = BUILT_PRODUCTS_DIR; };
		1E78206C1D407E72003B8D27 /* AppDelegate.swift */ = {isa = PBXFileReference; lastKnownFileType = sourcecode.swift; path = AppDelegate.swift; sourceTree = "<group>"; };
		1E78206E1D407E72003B8D27 /* ViewController.swift */ = {isa = PBXFileReference; lastKnownFileType = sourcecode.swift; path = ViewController.swift; sourceTree = "<group>"; };
		1E7820711D407E72003B8D27 /* Base */ = {isa = PBXFileReference; lastKnownFileType = file.storyboard; name = Base; path = Base.lproj/Main.storyboard; sourceTree = "<group>"; };
		1E7820731D407E72003B8D27 /* Assets.xcassets */ = {isa = PBXFileReference; lastKnownFileType = folder.assetcatalog; path = Assets.xcassets; sourceTree = "<group>"; };
		1E7820761D407E72003B8D27 /* Base */ = {isa = PBXFileReference; lastKnownFileType = file.storyboard; name = Base; path = Base.lproj/LaunchScreen.storyboard; sourceTree = "<group>"; };
		1E7820781D407E72003B8D27 /* Info.plist */ = {isa = PBXFileReference; lastKnownFileType = text.plist.xml; path = Info.plist; sourceTree = "<group>"; };
		1E78207D1D407E72003B8D27 /* ViscosityTests.xctest */ = {isa = PBXFileReference; explicitFileType = wrapper.cfbundle; includeInIndex = 0; path = ViscosityTests.xctest; sourceTree = BUILT_PRODUCTS_DIR; };
		1E7820811D407E72003B8D27 /* ViscosityTests.swift */ = {isa = PBXFileReference; lastKnownFileType = sourcecode.swift; path = ViscosityTests.swift; sourceTree = "<group>"; };
		1E7820831D407E72003B8D27 /* Info.plist */ = {isa = PBXFileReference; lastKnownFileType = text.plist.xml; path = Info.plist; sourceTree = "<group>"; };
		1E7820881D407E72003B8D27 /* ViscosityUITests.xctest */ = {isa = PBXFileReference; explicitFileType = wrapper.cfbundle; includeInIndex = 0; path = ViscosityUITests.xctest; sourceTree = BUILT_PRODUCTS_DIR; };
		1E78208C1D407E72003B8D27 /* ViscosityUITests.swift */ = {isa = PBXFileReference; lastKnownFileType = sourcecode.swift; path = ViscosityUITests.swift; sourceTree = "<group>"; };
		1E78208E1D407E72003B8D27 /* Info.plist */ = {isa = PBXFileReference; lastKnownFileType = text.plist.xml; path = Info.plist; sourceTree = "<group>"; };
/* End PBXFileReference section */

/* Begin PBXFrameworksBuildPhase section */
		1E7820661D407E72003B8D27 /* Frameworks */ = {
			isa = PBXFrameworksBuildPhase;
			buildActionMask = 2147483647;
			files = (
			);
			runOnlyForDeploymentPostprocessing = 0;
		};
		1E78207A1D407E72003B8D27 /* Frameworks */ = {
			isa = PBXFrameworksBuildPhase;
			buildActionMask = 2147483647;
			files = (
			);
			runOnlyForDeploymentPostprocessing = 0;
		};
		1E7820851D407E72003B8D27 /* Frameworks */ = {
			isa = PBXFrameworksBuildPhase;
			buildActionMask = 2147483647;
			files = (
			);
			runOnlyForDeploymentPostprocessing = 0;
		};
/* End PBXFrameworksBuildPhase section */

/* Begin PBXGroup section */
		1E4315431DE704A30091DE90 /* Viscosity */ = {
			isa = PBXGroup;
			children = (
				1E4315461DE704A30091DE90 /* Viscosity.swift */,
				1E4315441DE704A30091DE90 /* VisConstraint.swift */,
				1E4315451DE704A30091DE90 /* VisConstraintMaker.swift */,
			);
			name = Viscosity;
			path = ../../Viscosity;
			sourceTree = "<group>";
		};
		1E7820601D407E72003B8D27 = {
			isa = PBXGroup;
			children = (
				1E78206B1D407E72003B8D27 /* Viscosity */,
				1E7820801D407E72003B8D27 /* ViscosityTests */,
				1E78208B1D407E72003B8D27 /* ViscosityUITests */,
				1E78206A1D407E72003B8D27 /* Products */,
			);
			sourceTree = "<group>";
		};
		1E78206A1D407E72003B8D27 /* Products */ = {
			isa = PBXGroup;
			children = (
				1E7820691D407E72003B8D27 /* Viscosity.app */,
				1E78207D1D407E72003B8D27 /* ViscosityTests.xctest */,
				1E7820881D407E72003B8D27 /* ViscosityUITests.xctest */,
			);
			name = Products;
			sourceTree = "<group>";
		};
		1E78206B1D407E72003B8D27 /* Viscosity */ = {
			isa = PBXGroup;
			children = (
				1E4315431DE704A30091DE90 /* Viscosity */,
				1E78206C1D407E72003B8D27 /* AppDelegate.swift */,
				1E78206E1D407E72003B8D27 /* ViewController.swift */,
				1E7820701D407E72003B8D27 /* Main.storyboard */,
				1E7820731D407E72003B8D27 /* Assets.xcassets */,
				1E7820751D407E72003B8D27 /* LaunchScreen.storyboard */,
				1E7820781D407E72003B8D27 /* Info.plist */,
			);
			path = Viscosity;
			sourceTree = "<group>";
		};
		1E7820801D407E72003B8D27 /* ViscosityTests */ = {
			isa = PBXGroup;
			children = (
				1E7820811D407E72003B8D27 /* ViscosityTests.swift */,
				1E7820831D407E72003B8D27 /* Info.plist */,
			);
			path = ViscosityTests;
			sourceTree = "<group>";
		};
		1E78208B1D407E72003B8D27 /* ViscosityUITests */ = {
			isa = PBXGroup;
			children = (
				1E78208C1D407E72003B8D27 /* ViscosityUITests.swift */,
				1E78208E1D407E72003B8D27 /* Info.plist */,
			);
			path = ViscosityUITests;
			sourceTree = "<group>";
		};
/* End PBXGroup section */

/* Begin PBXNativeTarget section */
		1E7820681D407E72003B8D27 /* Viscosity */ = {
			isa = PBXNativeTarget;
			buildConfigurationList = 1E7820911D407E72003B8D27 /* Build configuration list for PBXNativeTarget "Viscosity" */;
			buildPhases = (
				1E7820651D407E72003B8D27 /* Sources */,
				1E7820661D407E72003B8D27 /* Frameworks */,
				1E7820671D407E72003B8D27 /* Resources */,
			);
			buildRules = (
			);
			dependencies = (
			);
			name = Viscosity;
			productName = Viscosity;
			productReference = 1E7820691D407E72003B8D27 /* Viscosity.app */;
			productType = "com.apple.product-type.application";
		};
		1E78207C1D407E72003B8D27 /* ViscosityTests */ = {
			isa = PBXNativeTarget;
			buildConfigurationList = 1E7820941D407E72003B8D27 /* Build configuration list for PBXNativeTarget "ViscosityTests" */;
			buildPhases = (
				1E7820791D407E72003B8D27 /* Sources */,
				1E78207A1D407E72003B8D27 /* Frameworks */,
				1E78207B1D407E72003B8D27 /* Resources */,
			);
			buildRules = (
			);
			dependencies = (
				1E78207F1D407E72003B8D27 /* PBXTargetDependency */,
			);
			name = ViscosityTests;
			productName = ViscosityTests;
			productReference = 1E78207D1D407E72003B8D27 /* ViscosityTests.xctest */;
			productType = "com.apple.product-type.bundle.unit-test";
		};
		1E7820871D407E72003B8D27 /* ViscosityUITests */ = {
			isa = PBXNativeTarget;
			buildConfigurationList = 1E7820971D407E72003B8D27 /* Build configuration list for PBXNativeTarget "ViscosityUITests" */;
			buildPhases = (
				1E7820841D407E72003B8D27 /* Sources */,
				1E7820851D407E72003B8D27 /* Frameworks */,
				1E7820861D407E72003B8D27 /* Resources */,
			);
			buildRules = (
			);
			dependencies = (
				1E78208A1D407E72003B8D27 /* PBXTargetDependency */,
			);
			name = ViscosityUITests;
			productName = ViscosityUITests;
			productReference = 1E7820881D407E72003B8D27 /* ViscosityUITests.xctest */;
			productType = "com.apple.product-type.bundle.ui-testing";
		};
/* End PBXNativeTarget section */

/* Begin PBXProject section */
		1E7820611D407E72003B8D27 /* Project object */ = {
			isa = PBXProject;
			attributes = {
				LastSwiftUpdateCheck = 0800;
				LastUpgradeCheck = 0800;
				ORGANIZATIONNAME = WzxJiang;
				TargetAttributes = {
					1E7820681D407E72003B8D27 = {
						CreatedOnToolsVersion = 8.0;
						DevelopmentTeam = 475L2MZD72;
						DevelopmentTeamName = "Shanghai WORDOOR Technology Co. Ltd";
						ProvisioningStyle = Automatic;
					};
					1E78207C1D407E72003B8D27 = {
						CreatedOnToolsVersion = 8.0;
						DevelopmentTeam = 475L2MZD72;
						DevelopmentTeamName = "Shanghai WORDOOR Technology Co. Ltd";
						ProvisioningStyle = Automatic;
						TestTargetID = 1E7820681D407E72003B8D27;
					};
					1E7820871D407E72003B8D27 = {
						CreatedOnToolsVersion = 8.0;
						DevelopmentTeam = 475L2MZD72;
						DevelopmentTeamName = "Shanghai WORDOOR Technology Co. Ltd";
						ProvisioningStyle = Automatic;
						TestTargetID = 1E7820681D407E72003B8D27;
					};
				};
			};
			buildConfigurationList = 1E7820641D407E72003B8D27 /* Build configuration list for PBXProject "Viscosity" */;
			compatibilityVersion = "Xcode 3.2";
			developmentRegion = English;
			hasScannedForEncodings = 0;
			knownRegions = (
				en,
				Base,
			);
			mainGroup = 1E7820601D407E72003B8D27;
			productRefGroup = 1E78206A1D407E72003B8D27 /* Products */;
			projectDirPath = "";
			projectRoot = "";
			targets = (
				1E7820681D407E72003B8D27 /* Viscosity */,
				1E78207C1D407E72003B8D27 /* ViscosityTests */,
				1E7820871D407E72003B8D27 /* ViscosityUITests */,
			);
		};
/* End PBXProject section */

/* Begin PBXResourcesBuildPhase section */
		1E7820671D407E72003B8D27 /* Resources */ = {
			isa = PBXResourcesBuildPhase;
			buildActionMask = 2147483647;
			files = (
				1E7820771D407E72003B8D27 /* LaunchScreen.storyboard in Resources */,
				1E7820741D407E72003B8D27 /* Assets.xcassets in Resources */,
				1E7820721D407E72003B8D27 /* Main.storyboard in Resources */,
			);
			runOnlyForDeploymentPostprocessing = 0;
		};
		1E78207B1D407E72003B8D27 /* Resources */ = {
			isa = PBXResourcesBuildPhase;
			buildActionMask = 2147483647;
			files = (
			);
			runOnlyForDeploymentPostprocessing = 0;
		};
		1E7820861D407E72003B8D27 /* Resources */ = {
			isa = PBXResourcesBuildPhase;
			buildActionMask = 2147483647;
			files = (
			);
			runOnlyForDeploymentPostprocessing = 0;
		};
/* End PBXResourcesBuildPhase section */

/* Begin PBXSourcesBuildPhase section */
		1E7820651D407E72003B8D27 /* Sources */ = {
			isa = PBXSourcesBuildPhase;
			buildActionMask = 2147483647;
			files = (
				1E4315491DE704A30091DE90 /* Viscosity.swift in Sources */,
				1E4315471DE704A30091DE90 /* VisConstraint.swift in Sources */,
				1E78206F1D407E72003B8D27 /* ViewController.swift in Sources */,
				1E4315481DE704A30091DE90 /* VisConstraintMaker.swift in Sources */,
				1E78206D1D407E72003B8D27 /* AppDelegate.swift in Sources */,
			);
			runOnlyForDeploymentPostprocessing = 0;
		};
		1E7820791D407E72003B8D27 /* Sources */ = {
			isa = PBXSourcesBuildPhase;
			buildActionMask = 2147483647;
			files = (
				1E7820821D407E72003B8D27 /* ViscosityTests.swift in Sources */,
			);
			runOnlyForDeploymentPostprocessing = 0;
		};
		1E7820841D407E72003B8D27 /* Sources */ = {
			isa = PBXSourcesBuildPhase;
			buildActionMask = 2147483647;
			files = (
				1E78208D1D407E72003B8D27 /* ViscosityUITests.swift in Sources */,
			);
			runOnlyForDeploymentPostprocessing = 0;
		};
/* End PBXSourcesBuildPhase section */

/* Begin PBXTargetDependency section */
		1E78207F1D407E72003B8D27 /* PBXTargetDependency */ = {
			isa = PBXTargetDependency;
			target = 1E7820681D407E72003B8D27 /* Viscosity */;
			targetProxy = 1E78207E1D407E72003B8D27 /* PBXContainerItemProxy */;
		};
		1E78208A1D407E72003B8D27 /* PBXTargetDependency */ = {
			isa = PBXTargetDependency;
			target = 1E7820681D407E72003B8D27 /* Viscosity */;
			targetProxy = 1E7820891D407E72003B8D27 /* PBXContainerItemProxy */;
		};
/* End PBXTargetDependency section */

/* Begin PBXVariantGroup section */
		1E7820701D407E72003B8D27 /* Main.storyboard */ = {
			isa = PBXVariantGroup;
			children = (
				1E7820711D407E72003B8D27 /* Base */,
			);
			name = Main.storyboard;
			sourceTree = "<group>";
		};
		1E7820751D407E72003B8D27 /* LaunchScreen.storyboard */ = {
			isa = PBXVariantGroup;
			children = (
				1E7820761D407E72003B8D27 /* Base */,
			);
			name = LaunchScreen.storyboard;
			sourceTree = "<group>";
		};
/* End PBXVariantGroup section */

/* Begin XCBuildConfiguration section */
		1E78208F1D407E72003B8D27 /* Debug */ = {
			isa = XCBuildConfiguration;
			buildSettings = {
				ALWAYS_SEARCH_USER_PATHS = NO;
				CLANG_ANALYZER_NONNULL = YES;
				CLANG_CXX_LANGUAGE_STANDARD = "gnu++0x";
				CLANG_CXX_LIBRARY = "libc++";
				CLANG_ENABLE_MODULES = YES;
				CLANG_ENABLE_OBJC_ARC = YES;
				CLANG_WARN_BOOL_CONVERSION = YES;
				CLANG_WARN_CONSTANT_CONVERSION = YES;
				CLANG_WARN_DIRECT_OBJC_ISA_USAGE = YES_ERROR;
				CLANG_WARN_DOCUMENTATION_COMMENTS = YES;
				CLANG_WARN_EMPTY_BODY = YES;
				CLANG_WARN_ENUM_CONVERSION = YES;
				CLANG_WARN_INT_CONVERSION = YES;
				CLANG_WARN_OBJC_ROOT_CLASS = YES_ERROR;
				CLANG_WARN_UNREACHABLE_CODE = YES;
				CLANG_WARN__DUPLICATE_METHOD_MATCH = YES;
				"CODE_SIGN_IDENTITY[sdk=iphoneos*]" = "iPhone Developer";
				COPY_PHASE_STRIP = NO;
				DEBUG_INFORMATION_FORMAT = dwarf;
				ENABLE_STRICT_OBJC_MSGSEND = YES;
				ENABLE_TESTABILITY = YES;
				GCC_C_LANGUAGE_STANDARD = gnu99;
				GCC_DYNAMIC_NO_PIC = NO;
				GCC_NO_COMMON_BLOCKS = YES;
				GCC_OPTIMIZATION_LEVEL = 0;
				GCC_PREPROCESSOR_DEFINITIONS = (
					"DEBUG=1",
					"$(inherited)",
				);
				GCC_WARN_64_TO_32_BIT_CONVERSION = YES;
				GCC_WARN_ABOUT_RETURN_TYPE = YES_ERROR;
				GCC_WARN_UNDECLARED_SELECTOR = YES;
				GCC_WARN_UNINITIALIZED_AUTOS = YES_AGGRESSIVE;
				GCC_WARN_UNUSED_FUNCTION = YES;
				GCC_WARN_UNUSED_VARIABLE = YES;
				IPHONEOS_DEPLOYMENT_TARGET = 10.0;
				MTL_ENABLE_DEBUG_INFO = YES;
				ONLY_ACTIVE_ARCH = YES;
				SDKROOT = iphoneos;
				SWIFT_ACTIVE_COMPILATION_CONDITIONS = DEBUG;
				SWIFT_OPTIMIZATION_LEVEL = "-Onone";
			};
			name = Debug;
		};
		1E7820901D407E72003B8D27 /* Release */ = {
			isa = XCBuildConfiguration;
			buildSettings = {
				ALWAYS_SEARCH_USER_PATHS = NO;
				CLANG_ANALYZER_NONNULL = YES;
				CLANG_CXX_LANGUAGE_STANDARD = "gnu++0x";
				CLANG_CXX_LIBRARY = "libc++";
				CLANG_ENABLE_MODULES = YES;
				CLANG_ENABLE_OBJC_ARC = YES;
				CLANG_WARN_BOOL_CONVERSION = YES;
				CLANG_WARN_CONSTANT_CONVERSION = YES;
				CLANG_WARN_DIRECT_OBJC_ISA_USAGE = YES_ERROR;
				CLANG_WARN_DOCUMENTATION_COMMENTS = YES;
				CLANG_WARN_EMPTY_BODY = YES;
				CLANG_WARN_ENUM_CONVERSION = YES;
				CLANG_WARN_INT_CONVERSION = YES;
				CLANG_WARN_OBJC_ROOT_CLASS = YES_ERROR;
				CLANG_WARN_UNREACHABLE_CODE = YES;
				CLANG_WARN__DUPLICATE_METHOD_MATCH = YES;
				"CODE_SIGN_IDENTITY[sdk=iphoneos*]" = "iPhone Developer";
				COPY_PHASE_STRIP = NO;
				DEBUG_INFORMATION_FORMAT = "dwarf-with-dsym";
				ENABLE_NS_ASSERTIONS = NO;
				ENABLE_STRICT_OBJC_MSGSEND = YES;
				GCC_C_LANGUAGE_STANDARD = gnu99;
				GCC_NO_COMMON_BLOCKS = YES;
				GCC_WARN_64_TO_32_BIT_CONVERSION = YES;
				GCC_WARN_ABOUT_RETURN_TYPE = YES_ERROR;
				GCC_WARN_UNDECLARED_SELECTOR = YES;
				GCC_WARN_UNINITIALIZED_AUTOS = YES_AGGRESSIVE;
				GCC_WARN_UNUSED_FUNCTION = YES;
				GCC_WARN_UNUSED_VARIABLE = YES;
				IPHONEOS_DEPLOYMENT_TARGET = 10.0;
				MTL_ENABLE_DEBUG_INFO = NO;
				SDKROOT = iphoneos;
				SWIFT_OPTIMIZATION_LEVEL = "-Owholemodule";
				VALIDATE_PRODUCT = YES;
			};
			name = Release;
		};
		1E7820921D407E72003B8D27 /* Debug */ = {
			isa = XCBuildConfiguration;
			buildSettings = {
				ASSETCATALOG_COMPILER_APPICON_NAME = AppIcon;
				INFOPLIST_FILE = Viscosity/Info.plist;
				LD_RUNPATH_SEARCH_PATHS = "$(inherited) @executable_path/Frameworks";
				PRODUCT_BUNDLE_IDENTIFIER = com.wzxjiang.Viscosity;
				PRODUCT_NAME = "$(TARGET_NAME)";
				SWIFT_VERSION = 3.0;
			};
			name = Debug;
		};
		1E7820931D407E72003B8D27 /* Release */ = {
			isa = XCBuildConfiguration;
			buildSettings = {
				ASSETCATALOG_COMPILER_APPICON_NAME = AppIcon;
				INFOPLIST_FILE = Viscosity/Info.plist;
				LD_RUNPATH_SEARCH_PATHS = "$(inherited) @executable_path/Frameworks";
				PRODUCT_BUNDLE_IDENTIFIER = com.wzxjiang.Viscosity;
				PRODUCT_NAME = "$(TARGET_NAME)";
				SWIFT_VERSION = 3.0;
			};
			name = Release;
		};
		1E7820951D407E72003B8D27 /* Debug */ = {
			isa = XCBuildConfiguration;
			buildSettings = {
				BUNDLE_LOADER = "$(TEST_HOST)";
				INFOPLIST_FILE = ViscosityTests/Info.plist;
				LD_RUNPATH_SEARCH_PATHS = "$(inherited) @executable_path/Frameworks @loader_path/Frameworks";
				PRODUCT_BUNDLE_IDENTIFIER = com.wzxjiang.ViscosityTests;
				PRODUCT_NAME = "$(TARGET_NAME)";
				SWIFT_VERSION = 3.0;
				TEST_HOST = "$(BUILT_PRODUCTS_DIR)/Viscosity.app/Viscosity";
			};
			name = Debug;
		};
		1E7820961D407E72003B8D27 /* Release */ = {
			isa = XCBuildConfiguration;
			buildSettings = {
				BUNDLE_LOADER = "$(TEST_HOST)";
				INFOPLIST_FILE = ViscosityTests/Info.plist;
				LD_RUNPATH_SEARCH_PATHS = "$(inherited) @executable_path/Frameworks @loader_path/Frameworks";
				PRODUCT_BUNDLE_IDENTIFIER = com.wzxjiang.ViscosityTests;
				PRODUCT_NAME = "$(TARGET_NAME)";
				SWIFT_VERSION = 3.0;
				TEST_HOST = "$(BUILT_PRODUCTS_DIR)/Viscosity.app/Viscosity";
			};
			name = Release;
		};
		1E7820981D407E72003B8D27 /* Debug */ = {
			isa = XCBuildConfiguration;
			buildSettings = {
				INFOPLIST_FILE = ViscosityUITests/Info.plist;
				LD_RUNPATH_SEARCH_PATHS = "$(inherited) @executable_path/Frameworks @loader_path/Frameworks";
				PRODUCT_BUNDLE_IDENTIFIER = com.wzxjiang.ViscosityUITests;
				PRODUCT_NAME = "$(TARGET_NAME)";
				SWIFT_VERSION = 3.0;
				TEST_TARGET_NAME = Viscosity;
			};
			name = Debug;
		};
		1E7820991D407E72003B8D27 /* Release */ = {
			isa = XCBuildConfiguration;
			buildSettings = {
				INFOPLIST_FILE = ViscosityUITests/Info.plist;
				LD_RUNPATH_SEARCH_PATHS = "$(inherited) @executable_path/Frameworks @loader_path/Frameworks";
				PRODUCT_BUNDLE_IDENTIFIER = com.wzxjiang.ViscosityUITests;
				PRODUCT_NAME = "$(TARGET_NAME)";
				SWIFT_VERSION = 3.0;
				TEST_TARGET_NAME = Viscosity;
			};
			name = Release;
		};
/* End XCBuildConfiguration section */

/* Begin XCConfigurationList section */
		1E7820641D407E72003B8D27 /* Build configuration list for PBXProject "Viscosity" */ = {
			isa = XCConfigurationList;
			buildConfigurations = (
				1E78208F1D407E72003B8D27 /* Debug */,
				1E7820901D407E72003B8D27 /* Release */,
			);
			defaultConfigurationIsVisible = 0;
			defaultConfigurationName = Release;
		};
		1E7820911D407E72003B8D27 /* Build configuration list for PBXNativeTarget "Viscosity" */ = {
			isa = XCConfigurationList;
			buildConfigurations = (
				1E7820921D407E72003B8D27 /* Debug */,
				1E7820931D407E72003B8D27 /* Release */,
			);
			defaultConfigurationIsVisible = 0;
			defaultConfigurationName = Release;
		};
		1E7820941D407E72003B8D27 /* Build configuration list for PBXNativeTarget "ViscosityTests" */ = {
			isa = XCConfigurationList;
			buildConfigurations = (
				1E7820951D407E72003B8D27 /* Debug */,
				1E7820961D407E72003B8D27 /* Release */,
			);
			defaultConfigurationIsVisible = 0;
			defaultConfigurationName = Release;
		};
		1E7820971D407E72003B8D27 /* Build configuration list for PBXNativeTarget "ViscosityUITests" */ = {
			isa = XCConfigurationList;
			buildConfigurations = (
				1E7820981D407E72003B8D27 /* Debug */,
				1E7820991D407E72003B8D27 /* Release */,
			);
			defaultConfigurationIsVisible = 0;
			defaultConfigurationName = Release;
		};
/* End XCConfigurationList section */
	};
	rootObject = 1E7820611D407E72003B8D27 /* Project object */;
}
