// !$*UTF8*$!
{
	archiveVersion = 1;
	classes = {
	};
	objectVersion = 46;
	objects = {

/* Begin PBXBuildFile section */
		1E86C4DA1DF50EF800F21E5E /* AppDelegate.swift in Sources */ = {isa = PBXBuildFile; fileRef = 1E86C4D21DF50EF800F21E5E /* AppDelegate.swift */; };
		1E86C4DB1DF50EF800F21E5E /* Assets.xcassets in Resources */ = {isa = PBXBuildFile; fileRef = 1E86C4D31DF50EF800F21E5E /* Assets.xcassets */; };
		1E86C4DC1DF50EF800F21E5E /* LaunchScreen.storyboard in Resources */ = {isa = PBXBuildFile; fileRef = 1E86C4D41DF50EF800F21E5E /* LaunchScreen.storyboard */; };
		1E86C4DD1DF50EF800F21E5E /* Main.storyboard in Resources */ = {isa = PBXBuildFile; fileRef = 1E86C4D61DF50EF800F21E5E /* Main.storyboard */; };
		1E86C4DF1DF50EF800F21E5E /* ViewController.swift in Sources */ = {isa = PBXBuildFile; fileRef = 1E86C4D91DF50EF800F21E5E /* ViewController.swift */; };
		1E86C4E11DF50F8100F21E5E /* Viscosity.framework in Frameworks */ = {isa = PBXBuildFile; fileRef = 1E86C4E01DF50F8100F21E5E /* Viscosity.framework */; settings = {ATTRIBUTES = (Weak, ); }; };
		1E86C4E21DF50F8100F21E5E /* Viscosity.framework in Embed Frameworks */ = {isa = PBXBuildFile; fileRef = 1E86C4E01DF50F8100F21E5E /* Viscosity.framework */; settings = {ATTRIBUTES = (CodeSignOnCopy, RemoveHeadersOnCopy, ); }; };
/* End PBXBuildFile section */

/* Begin PBXCopyFilesBuildPhase section */
		1E86C4E31DF50F8100F21E5E /* Embed Frameworks */ = {
			isa = PBXCopyFilesBuildPhase;
			buildActionMask = 2147483647;
			dstPath = "";
			dstSubfolderSpec = 10;
			files = (
				1E86C4E21DF50F8100F21E5E /* Viscosity.framework in Embed Frameworks */,
			);
			name = "Embed Frameworks";
			runOnlyForDeploymentPostprocessing = 0;
		};
/* End PBXCopyFilesBuildPhase section */

/* Begin PBXFileReference section */
		1E86C4BC1DF50EC900F21E5E /* Example.app */ = {isa = PBXFileReference; explicitFileType = wrapper.application; includeInIndex = 0; path = Example.app; sourceTree = BUILT_PRODUCTS_DIR; };
		1E86C4D21DF50EF800F21E5E /* AppDelegate.swift */ = {isa = PBXFileReference; fileEncoding = 4; lastKnownFileType = sourcecode.swift; path = AppDelegate.swift; sourceTree = "<group>"; };
		1E86C4D31DF50EF800F21E5E /* Assets.xcassets */ = {isa = PBXFileReference; lastKnownFileType = folder.assetcatalog; path = Assets.xcassets; sourceTree = "<group>"; };
		1E86C4D51DF50EF800F21E5E /* Base */ = {isa = PBXFileReference; lastKnownFileType = file.storyboard; name = Base; path = Base.lproj/LaunchScreen.storyboard; sourceTree = "<group>"; };
		1E86C4D71DF50EF800F21E5E /* Base */ = {isa = PBXFileReference; lastKnownFileType = file.storyboard; name = Base; path = Base.lproj/Main.storyboard; sourceTree = "<group>"; };
		1E86C4D81DF50EF800F21E5E /* Info.plist */ = {isa = PBXFileReference; fileEncoding = 4; lastKnownFileType = text.plist.xml; path = Info.plist; sourceTree = "<group>"; };
		1E86C4D91DF50EF800F21E5E /* ViewController.swift */ = {isa = PBXFileReference; fileEncoding = 4; lastKnownFileType = sourcecode.swift; path = ViewController.swift; sourceTree = "<group>"; };
		1E86C4E01DF50F8100F21E5E /* Viscosity.framework */ = {isa = PBXFileReference; explicitFileType = wrapper.framework; path = Viscosity.framework; sourceTree = BUILT_PRODUCTS_DIR; };
/* End PBXFileReference section */

/* Begin PBXFrameworksBuildPhase section */
		1E86C4B91DF50EC900F21E5E /* Frameworks */ = {
			isa = PBXFrameworksBuildPhase;
			buildActionMask = 2147483647;
			files = (
				1E86C4E11DF50F8100F21E5E /* Viscosity.framework in Frameworks */,
			);
			runOnlyForDeploymentPostprocessing = 0;
		};
/* End PBXFrameworksBuildPhase section */

/* Begin PBXGroup section */
		1E86C4B31DF50EC900F21E5E = {
			isa = PBXGroup;
			children = (
				1E86C4E01DF50F8100F21E5E /* Viscosity.framework */,
				1E86C4D11DF50EF800F21E5E /* Example */,
				1E86C4BD1DF50EC900F21E5E /* Products */,
			);
			sourceTree = "<group>";
		};
		1E86C4BD1DF50EC900F21E5E /* Products */ = {
			isa = PBXGroup;
			children = (
				1E86C4BC1DF50EC900F21E5E /* Example.app */,
			);
			name = Products;
			sourceTree = "<group>";
		};
		1E86C4D11DF50EF800F21E5E /* Example */ = {
			isa = PBXGroup;
			children = (
				1E86C4D21DF50EF800F21E5E /* AppDelegate.swift */,
				1E86C4D91DF50EF800F21E5E /* ViewController.swift */,
				1E86C4D31DF50EF800F21E5E /* Assets.xcassets */,
				1E86C4D41DF50EF800F21E5E /* LaunchScreen.storyboard */,
				1E86C4D61DF50EF800F21E5E /* Main.storyboard */,
				1E86C4D81DF50EF800F21E5E /* Info.plist */,
			);
			path = Example;
			sourceTree = "<group>";
		};
/* End PBXGroup section */

/* Begin PBXNativeTarget section */
		1E86C4BB1DF50EC900F21E5E /* Example */ = {
			isa = PBXNativeTarget;
			buildConfigurationList = 1E86C4CE1DF50EC900F21E5E /* Build configuration list for PBXNativeTarget "Example" */;
			buildPhases = (
				1E86C4B81DF50EC900F21E5E /* Sources */,
				1E86C4B91DF50EC900F21E5E /* Frameworks */,
				1E86C4BA1DF50EC900F21E5E /* Resources */,
				1E86C4E31DF50F8100F21E5E /* Embed Frameworks */,
			);
			buildRules = (
			);
			dependencies = (
			);
			name = Example;
			productName = Example;
			productReference = 1E86C4BC1DF50EC900F21E5E /* Example.app */;
			productType = "com.apple.product-type.application";
		};
/* End PBXNativeTarget section */

/* Begin PBXProject section */
		1E86C4B41DF50EC900F21E5E /* Project object */ = {
			isa = PBXProject;
			attributes = {
				LastSwiftUpdateCheck = 0800;
				LastUpgradeCheck = 0800;
				ORGANIZATIONNAME = WzxJiang;
				TargetAttributes = {
					1E86C4BB1DF50EC900F21E5E = {
						CreatedOnToolsVersion = 8.0;
						DevelopmentTeam = 475L2MZD72;
						ProvisioningStyle = Automatic;
					};
				};
			};
			buildConfigurationList = 1E86C4B71DF50EC900F21E5E /* Build configuration list for PBXProject "Example" */;
			compatibilityVersion = "Xcode 3.2";
			developmentRegion = English;
			hasScannedForEncodings = 0;
			knownRegions = (
				en,
				Base,
			);
			mainGroup = 1E86C4B31DF50EC900F21E5E;
			productRefGroup = 1E86C4BD1DF50EC900F21E5E /* Products */;
			projectDirPath = "";
			projectRoot = "";
			targets = (
				1E86C4BB1DF50EC900F21E5E /* Example */,
			);
		};
/* End PBXProject section */

/* Begin PBXResourcesBuildPhase section */
		1E86C4BA1DF50EC900F21E5E /* Resources */ = {
			isa = PBXResourcesBuildPhase;
			buildActionMask = 2147483647;
			files = (
				1E86C4DD1DF50EF800F21E5E /* Main.storyboard in Resources */,
				1E86C4DB1DF50EF800F21E5E /* Assets.xcassets in Resources */,
				1E86C4DC1DF50EF800F21E5E /* LaunchScreen.storyboard in Resources */,
			);
			runOnlyForDeploymentPostprocessing = 0;
		};
/* End PBXResourcesBuildPhase section */

/* Begin PBXSourcesBuildPhase section */
		1E86C4B81DF50EC900F21E5E /* Sources */ = {
			isa = PBXSourcesBuildPhase;
			buildActionMask = 2147483647;
			files = (
				1E86C4DF1DF50EF800F21E5E /* ViewController.swift in Sources */,
				1E86C4DA1DF50EF800F21E5E /* AppDelegate.swift in Sources */,
			);
			runOnlyForDeploymentPostprocessing = 0;
		};
/* End PBXSourcesBuildPhase section */

/* Begin PBXVariantGroup section */
		1E86C4D41DF50EF800F21E5E /* LaunchScreen.storyboard */ = {
			isa = PBXVariantGroup;
			children = (
				1E86C4D51DF50EF800F21E5E /* Base */,
			);
			name = LaunchScreen.storyboard;
			sourceTree = "<group>";
		};
		1E86C4D61DF50EF800F21E5E /* Main.storyboard */ = {
			isa = PBXVariantGroup;
			children = (
				1E86C4D71DF50EF800F21E5E /* Base */,
			);
			name = Main.storyboard;
			sourceTree = "<group>";
		};
/* End PBXVariantGroup section */

/* Begin XCBuildConfiguration section */
		1E86C4CC1DF50EC900F21E5E /* Debug */ = {
			isa = XCBuildConfiguration;
			buildSettings = {
				ALWAYS_SEARCH_USER_PATHS = NO;
				CLANG_ANALYZER_NONNULL = YES;
				CLANG_CXX_LANGUAGE_STANDARD = "gnu++0x";
				CLANG_CXX_LIBRARY = "libc++";
				CLANG_ENABLE_MODULES = YES;
				CLANG_ENABLE_OBJC_ARC = YES;
				CLANG_WARN_BOOL_CONVERSION = YES;
				CLANG_WARN_CONSTANT_CONVERSION = YES;
				CLANG_WARN_DIRECT_OBJC_ISA_USAGE = YES_ERROR;
				CLANG_WARN_DOCUMENTATION_COMMENTS = YES;
				CLANG_WARN_EMPTY_BODY = YES;
				CLANG_WARN_ENUM_CONVERSION = YES;
				CLANG_WARN_INFINITE_RECURSION = YES;
				CLANG_WARN_INT_CONVERSION = YES;
				CLANG_WARN_OBJC_ROOT_CLASS = YES_ERROR;
				CLANG_WARN_SUSPICIOUS_MOVES = YES;
				CLANG_WARN_UNREACHABLE_CODE = YES;
				CLANG_WARN__DUPLICATE_METHOD_MATCH = YES;
				"CODE_SIGN_IDENTITY[sdk=iphoneos*]" = "iPhone Developer";
				COPY_PHASE_STRIP = NO;
				DEBUG_INFORMATION_FORMAT = dwarf;
				ENABLE_STRICT_OBJC_MSGSEND = YES;
				ENABLE_TESTABILITY = YES;
				GCC_C_LANGUAGE_STANDARD = gnu99;
				GCC_DYNAMIC_NO_PIC = NO;
				GCC_NO_COMMON_BLOCKS = YES;
				GCC_OPTIMIZATION_LEVEL = 0;
				GCC_PREPROCESSOR_DEFINITIONS = (
					"DEBUG=1",
					"$(inherited)",
				);
				GCC_WARN_64_TO_32_BIT_CONVERSION = YES;
				GCC_WARN_ABOUT_RETURN_TYPE = YES_ERROR;
				GCC_WARN_UNDECLARED_SELECTOR = YES;
				GCC_WARN_UNINITIALIZED_AUTOS = YES_AGGRESSIVE;
				GCC_WARN_UNUSED_FUNCTION = YES;
				GCC_WARN_UNUSED_VARIABLE = YES;
				IPHONEOS_DEPLOYMENT_TARGET = 10.0;
				MTL_ENABLE_DEBUG_INFO = YES;
				ONLY_ACTIVE_ARCH = YES;
				SDKROOT = iphoneos;
				SWIFT_ACTIVE_COMPILATION_CONDITIONS = DEBUG;
				SWIFT_OPTIMIZATION_LEVEL = "-Onone";
			};
			name = Debug;
		};
		1E86C4CD1DF50EC900F21E5E /* Release */ = {
			isa = XCBuildConfiguration;
			buildSettings = {
				ALWAYS_SEARCH_USER_PATHS = NO;
				CLANG_ANALYZER_NONNULL = YES;
				CLANG_CXX_LANGUAGE_STANDARD = "gnu++0x";
				CLANG_CXX_LIBRARY = "libc++";
				CLANG_ENABLE_MODULES = YES;
				CLANG_ENABLE_OBJC_ARC = YES;
				CLANG_WARN_BOOL_CONVERSION = YES;
				CLANG_WARN_CONSTANT_CONVERSION = YES;
				CLANG_WARN_DIRECT_OBJC_ISA_USAGE = YES_ERROR;
				CLANG_WARN_DOCUMENTATION_COMMENTS = YES;
				CLANG_WARN_EMPTY_BODY = YES;
				CLANG_WARN_ENUM_CONVERSION = YES;
				CLANG_WARN_INFINITE_RECURSION = YES;
				CLANG_WARN_INT_CONVERSION = YES;
				CLANG_WARN_OBJC_ROOT_CLASS = YES_ERROR;
				CLANG_WARN_SUSPICIOUS_MOVES = YES;
				CLANG_WARN_UNREACHABLE_CODE = YES;
				CLANG_WARN__DUPLICATE_METHOD_MATCH = YES;
				"CODE_SIGN_IDENTITY[sdk=iphoneos*]" = "iPhone Developer";
				COPY_PHASE_STRIP = NO;
				DEBUG_INFORMATION_FORMAT = "dwarf-with-dsym";
				ENABLE_NS_ASSERTIONS = NO;
				ENABLE_STRICT_OBJC_MSGSEND = YES;
				GCC_C_LANGUAGE_STANDARD = gnu99;
				GCC_NO_COMMON_BLOCKS = YES;
				GCC_WARN_64_TO_32_BIT_CONVERSION = YES;
				GCC_WARN_ABOUT_RETURN_TYPE = YES_ERROR;
				GCC_WARN_UNDECLARED_SELECTOR = YES;
				GCC_WARN_UNINITIALIZED_AUTOS = YES_AGGRESSIVE;
				GCC_WARN_UNUSED_FUNCTION = YES;
				GCC_WARN_UNUSED_VARIABLE = YES;
				IPHONEOS_DEPLOYMENT_TARGET = 10.0;
				MTL_ENABLE_DEBUG_INFO = NO;
				SDKROOT = iphoneos;
				SWIFT_OPTIMIZATION_LEVEL = "-Owholemodule";
				VALIDATE_PRODUCT = YES;
			};
			name = Release;
		};
		1E86C4CF1DF50EC900F21E5E /* Debug */ = {
			isa = XCBuildConfiguration;
			buildSettings = {
				ASSETCATALOG_COMPILER_APPICON_NAME = AppIcon;
				DEVELOPMENT_TEAM = 475L2MZD72;
				INFOPLIST_FILE = Example/Info.plist;
				LD_RUNPATH_SEARCH_PATHS = "$(inherited) @executable_path/Frameworks";
				PRODUCT_BUNDLE_IDENTIFIER = com.wzxjiang.Example;
				PRODUCT_NAME = "$(TARGET_NAME)";
				SWIFT_VERSION = 3.0;
			};
			name = Debug;
		};
		1E86C4D01DF50EC900F21E5E /* Release */ = {
			isa = XCBuildConfiguration;
			buildSettings = {
				ASSETCATALOG_COMPILER_APPICON_NAME = AppIcon;
				DEVELOPMENT_TEAM = 475L2MZD72;
				INFOPLIST_FILE = Example/Info.plist;
				LD_RUNPATH_SEARCH_PATHS = "$(inherited) @executable_path/Frameworks";
				PRODUCT_BUNDLE_IDENTIFIER = com.wzxjiang.Example;
				PRODUCT_NAME = "$(TARGET_NAME)";
				SWIFT_VERSION = 3.0;
			};
			name = Release;
		};
/* End XCBuildConfiguration section */

/* Begin XCConfigurationList section */
		1E86C4B71DF50EC900F21E5E /* Build configuration list for PBXProject "Example" */ = {
			isa = XCConfigurationList;
			buildConfigurations = (
				1E86C4CC1DF50EC900F21E5E /* Debug */,
				1E86C4CD1DF50EC900F21E5E /* Release */,
			);
			defaultConfigurationIsVisible = 0;
			defaultConfigurationName = Release;
		};
		1E86C4CE1DF50EC900F21E5E /* Build configuration list for PBXNativeTarget "Example" */ = {
			isa = XCConfigurationList;
			buildConfigurations = (
				1E86C4CF1DF50EC900F21E5E /* Debug */,
				1E86C4D01DF50EC900F21E5E /* Release */,
			);
			defaultConfigurationIsVisible = 0;
			defaultConfigurationName = Release;
		};
/* End XCConfigurationList section */
	};
	rootObject = 1E86C4B41DF50EC900F21E5E /* Project object */;
}
